{
  "version": 4,
  "terraform_version": "1.10.3",
  "serial": 11,
  "lineage": "8868b0be-5f6e-7c02-6e62-9690641e6106",
  "outputs": {},
  "resources": [
    {
      "mode": "managed",
      "type": "keycloak_group",
      "name": "test_group",
      "provider": "provider[\"registry.terraform.io/keycloak/keycloak\"]",
      "instances": [
        {
          "schema_version": 0,
          "attributes": {
            "attributes": null,
            "id": "932dca35-2958-477b-a579-5c157315119d",
            "name": "test-group",
            "parent_id": null,
            "path": "/test-group",
            "realm_id": "k8s-demo"
          },
          "sensitive_attributes": [],
          "private": "bnVsbA==",
          "dependencies": [
            "keycloak_realm.app_realm"
          ]
        }
      ]
    },
    {
      "mode": "managed",
      "type": "keycloak_group_memberships",
      "name": "test_user_group",
      "provider": "provider[\"registry.terraform.io/keycloak/keycloak\"]",
      "instances": [
        {
          "schema_version": 0,
          "attributes": {
            "group_id": "932dca35-2958-477b-a579-5c157315119d",
            "id": "k8s-demo/group-memberships/932dca35-2958-477b-a579-5c157315119d",
            "members": [
              "testuser"
            ],
            "realm_id": "k8s-demo"
          },
          "sensitive_attributes": [],
          "private": "bnVsbA==",
          "dependencies": [
            "keycloak_group.test_group",
            "keycloak_realm.app_realm",
            "keycloak_user.test_user"
          ]
        }
      ]
    },
    {
      "mode": "managed",
      "type": "keycloak_realm",
      "name": "app_realm",
      "provider": "provider[\"registry.terraform.io/keycloak/keycloak\"]",
      "instances": [
        {
          "schema_version": 0,
          "attributes": {
            "access_code_lifespan": "1m0s",
            "access_code_lifespan_login": "30m0s",
            "access_code_lifespan_user_action": "5m0s",
            "access_token_lifespan": "5m0s",
            "access_token_lifespan_for_implicit_flow": "15m0s",
            "account_theme": "",
            "action_token_generated_by_admin_lifespan": "12h0m0s",
            "action_token_generated_by_user_lifespan": "5m0s",
            "admin_theme": "",
            "attributes": null,
            "browser_flow": "browser",
            "client_authentication_flow": "clients",
            "client_session_idle_timeout": "0s",
            "client_session_max_lifespan": "0s",
            "default_default_client_scopes": null,
            "default_optional_client_scopes": null,
            "default_signature_algorithm": "",
            "direct_grant_flow": "direct grant",
            "display_name": "K8s Demo",
            "display_name_html": "\u003cdiv class=\"kc-logo-text\"\u003e\u003cspan\u003eK8s Demo\u003c/span\u003e\u003c/div\u003e",
            "docker_authentication_flow": "docker auth",
            "duplicate_emails_allowed": false,
            "edit_username_allowed": false,
            "email_theme": "",
            "enabled": true,
            "id": "k8s-demo",
            "internal_id": "k8s-demo",
            "internationalization": [],
            "login_theme": "keycloak",
            "login_with_email_allowed": false,
            "oauth2_device_code_lifespan": "10m0s",
            "oauth2_device_polling_interval": 5,
            "offline_session_idle_timeout": "720h0m0s",
            "offline_session_max_lifespan": "1440h0m0s",
            "offline_session_max_lifespan_enabled": false,
            "otp_policy": [
              {
                "algorithm": "HmacSHA1",
                "digits": 6,
                "initial_counter": 0,
                "look_ahead_window": 1,
                "period": 30,
                "type": "totp"
              }
            ],
            "password_policy": "",
            "realm": "k8s-demo",
            "refresh_token_max_reuse": 0,
            "registration_allowed": false,
            "registration_email_as_username": false,
            "registration_flow": "registration",
            "remember_me": false,
            "reset_credentials_flow": "reset credentials",
            "reset_password_allowed": false,
            "revoke_refresh_token": false,
            "security_defenses": [
              {
                "brute_force_detection": [],
                "headers": [
                  {
                    "content_security_policy": "frame-src 'self'; frame-ancestors 'self'; object-src 'none';",
                    "content_security_policy_report_only": "",
                    "referrer_policy": "no-referrer",
                    "strict_transport_security": "max-age=31536000; includeSubDomains",
                    "x_content_type_options": "nosniff",
                    "x_frame_options": "SAMEORIGIN",
                    "x_robots_tag": "none",
                    "x_xss_protection": "1; mode=block"
                  }
                ]
              }
            ],
            "smtp_server": [],
            "ssl_required": "external",
            "sso_session_idle_timeout": "30m0s",
            "sso_session_idle_timeout_remember_me": "0s",
            "sso_session_max_lifespan": "10h0m0s",
            "sso_session_max_lifespan_remember_me": "0s",
            "user_managed_access": false,
            "verify_email": false,
            "web_authn_passwordless_policy": [
              {
                "acceptable_aaguids": [],
                "attestation_conveyance_preference": "not specified",
                "authenticator_attachment": "not specified",
                "avoid_same_authenticator_register": false,
                "create_timeout": 0,
                "relying_party_entity_name": "keycloak",
                "relying_party_id": "",
                "require_resident_key": "not specified",
                "signature_algorithms": [
                  "ES256",
                  "RS256"
                ],
                "user_verification_requirement": "not specified"
              }
            ],
            "web_authn_policy": [
              {
                "acceptable_aaguids": [],
                "attestation_conveyance_preference": "not specified",
                "authenticator_attachment": "not specified",
                "avoid_same_authenticator_register": false,
                "create_timeout": 0,
                "relying_party_entity_name": "keycloak",
                "relying_party_id": "",
                "require_resident_key": "not specified",
                "signature_algorithms": [
                  "ES256",
                  "RS256"
                ],
                "user_verification_requirement": "not specified"
              }
            ]
          },
          "sensitive_attributes": [],
          "private": "bnVsbA=="
        }
      ]
    },
    {
      "mode": "managed",
      "type": "keycloak_saml_client",
      "name": "backend_saml",
      "provider": "provider[\"registry.terraform.io/keycloak/keycloak\"]",
      "instances": [
        {
          "schema_version": 0,
          "attributes": {
            "assertion_consumer_post_url": "",
            "assertion_consumer_redirect_url": "",
            "authentication_flow_binding_overrides": [],
            "base_url": "/",
            "canonicalization_method": "EXCLUSIVE",
            "client_id": "k8s-demo-backend",
            "client_signature_required": true,
            "description": "",
            "enabled": true,
            "encrypt_assertions": false,
            "encryption_certificate": "",
            "encryption_certificate_sha1": "",
            "extra_config": null,
            "force_name_id_format": false,
            "force_post_binding": true,
            "front_channel_logout": true,
            "full_scope_allowed": true,
            "id": "71b0cdac-fcb0-425a-8b39-c3def951ac58",
            "idp_initiated_sso_relay_state": "",
            "idp_initiated_sso_url_name": "k8s-demo",
            "include_authn_statement": true,
            "login_theme": "",
            "logout_service_post_binding_url": "",
            "logout_service_redirect_binding_url": "",
            "master_saml_processing_url": "https://k8s-demo.local/saml/acs",
            "name": "K8s Demo Backend",
            "name_id_format": "",
            "realm_id": "k8s-demo",
            "root_url": "https://k8s-demo.local",
            "sign_assertions": true,
            "sign_documents": true,
            "signature_algorithm": "",
            "signature_key_name": "KEY_ID",
            "signing_certificate": "MIICrzCCAZcCBgGULjp4pDANBgkqhkiG9w0BAQsFADAbMRkwFwYDVQQDDBBrOHMtZGVtby1iYWNrZW5kMB4XDTI1MDEwMzIyMTExMVoXDTM1MDEwMzIyMTI1MVowGzEZMBcGA1UEAwwQazhzLWRlbW8tYmFja2VuZDCCASIwDQYJKoZIhvcNAQEBBQADggEPADCCAQoCggEBAJ1EoR1zCydDfw7gvJy5zwv4B3k9xjHuYKnoBnI0ePuNV1Xu8/i23UxZM3CXLTwowr68aHt2m7wICc1PMBCvmFCJqp/UACofigVSgnfF3b/ZBTsn17hJ/8bzYpRdmgahmPMYFuKyDM0Pv3kknjwckZ/xu4yD1Yj3k2PRTk1E96vWMiUI/udp6ikZ/QhzrIyEc0dEja1ZoeWoU2DlGcFV/I7ANZxMr6e8MW3rh4BTcu7SSic2ij5UnV06mq6hWHUJTi8RayzGL0oW+pJ98B8wpCdswm346D3o1hzS6zn+sNo/xYxMnEK0T3SwttR0ZWReJO15oRlFR8e7S+unSmP1QMsCAwEAATANBgkqhkiG9w0BAQsFAAOCAQEAfWb18vbSWvUPCi3wCIoB2Ox1H3Yo5yDiVTDFWkxB+UxrnbB2oIPwxUNN6z7xfXFl4+NXgpVeSnc+tSRPnqwdFWOZektbGfv5rz6DG5gfuj86JT/rzJEA+uhRvJ5ODQTsgRs6ZkesLEyL57wkG0x36+EbYEmYjWHtksggrgs9vIYWjjRqnp67YMTxqZ8P/J8AQf3LwAOpyAaOYWPoCkNA+jHl3PJNEY/4YbC6iLYq9NasJo7Vll4qb8+PMuL0hWonU7zDdizgC1a6pw10wBBouWLDz7SCxMsq6bZRv+XPDo9xu7BemKD5B31sV/dgfAr8efbCvi81UZpuEhSBmG+pUA==",
            "signing_certificate_sha1": "edaf965a87225a04ef7db23c0920d483b2387088",
            "signing_private_key": "MIIEowIBAAKCAQEAnUShHXMLJ0N/DuC8nLnPC/gHeT3GMe5gqegGcjR4+41XVe7z+LbdTFkzcJctPCjCvrxoe3abvAgJzU8wEK+YUImqn9QAKh+KBVKCd8Xdv9kFOyfXuEn/xvNilF2aBqGY8xgW4rIMzQ+/eSSePByRn/G7jIPViPeTY9FOTUT3q9YyJQj+52nqKRn9CHOsjIRzR0SNrVmh5ahTYOUZwVX8jsA1nEyvp7wxbeuHgFNy7tJKJzaKPlSdXTqarqFYdQlOLxFrLMYvShb6kn3wHzCkJ2zCbfjoPejWHNLrOf6w2j/FjEycQrRPdLC21HRlZF4k7XmhGUVHx7tL66dKY/VAywIDAQABAoIBAAQDctsmCvRTECSIjrevND35c/NfpLW0gCoF3lg+x5Gf30k1omtH+2jN4/atHP3qimHEvCPeeIX5bIqdSTw7xvbTNJQEnIZ2rJaLLwIwfgK93pjOYP52gP0KTAs+QkaGDDmz9S2O3q3DB59nVFRzZDIBQMiKusHWk5/aARYOuwVbFUj7km9cLWitZ9qxb8t974fCSYCFEFYeRGyPr1nra1UkWvXQSzIUHaPxQmuPd88FAhGwKCnlAPTQKSksxSY6Glu7GJa8k0VRPR64A4AiGshHOVefpOtMuMF+TKq0kGoiFp/dwEyZBsZOfdntC3HsO6srKEUy2m5shTSUMJcAzKUCgYEAzYjprQH6wT06Hq3E9mlpS1bQ8Y0vlRVwKA8XdzowVIFVI69yf6ODeZjT7wpSJycGqeq+kOnvmF+LTp7iuc7purEyHRxBsGZaylk4mIyqGCH38R35+BIbDBIue8Vw8XG/TFhPrTi1NozA4yg9CWGMuvBlX/zkCED3pgNKYsNMpdcCgYEAw+HdcDaeHAJ611/rLHd8WTI4fLNTUqjKHAoTchErby39/v7zmEXWpZvciKV42/gJ6NXN8TWaYp4nnBAPsbSzzks3CdLOuw9u+h86v0A8yGxQheAICfiVEgaASaXOF8XLSE5ViFslsGN+11vfmMhR+Vkshj3ONcOw9FaCOgXtdi0CgYADJURGRJB84p4AGDK6frSA1axO9hUzV+emhUybo4VX1b7i0+2RrIP3mXIs52CIft1oPlJ6T0o+b7/nDSF1LIiBNfMJZQRQWdCr5h+qngSAaAyuYQIRXN2TGrghZs0qtM3zsipOAV8snYzaLSR5/0czGTjD9k/bHHttzAEYb9q9cwKBgQC7YcS4RLdJaiHjCDHrjr3Ygc9BkzZBG5CD9CuX8c7QA3o3xeJ3J0/nissTuN995bBtGKJyfWmbr1mK1F5/C7L5xD/5WL1EesYZ5WgIbkX3II6DEsX969uGq8trKH6XhTIqkC0ITNEoBHXhRFUITZEFbAXIwTUTf4k2o87d/K+lXQKBgDMPV4ZDHGLaw2gPDdUZJMWJvWao5x/4+0PdrUF0YABH+46xWaGvd/8eMKTs4yX6xVAceI22g/2APg6itPkcCrdddtO1vAGEGqNVeBmXYoUSeSj+FM/Oofwd1Zsn3Y6PwWHI4K4Gaj3VbfXGOgh2CJDCOFswnPVCW1m+dxofSLE+",
            "signing_private_key_sha1": "3fa8e20fd0e44d0e7eabe9a18a5ebc2576af5c85",
            "valid_redirect_uris": [
              "https://k8s-demo.local/*"
            ]
          },
          "sensitive_attributes": [],
          "private": "bnVsbA==",
          "dependencies": [
            "keycloak_realm.app_realm"
          ]
        }
      ]
    },
    {
      "mode": "managed",
      "type": "keycloak_saml_client_default_scopes",
      "name": "backend_saml_default_scopes",
      "provider": "provider[\"registry.terraform.io/keycloak/keycloak\"]",
      "instances": [
        {
          "schema_version": 0,
          "attributes": {
            "client_id": "71b0cdac-fcb0-425a-8b39-c3def951ac58",
            "default_scopes": [
              "email",
              "profile",
              "role_list"
            ],
            "id": "k8s-demo/71b0cdac-fcb0-425a-8b39-c3def951ac58",
            "realm_id": "k8s-demo"
          },
          "sensitive_attributes": [],
          "private": "bnVsbA==",
          "dependencies": [
            "keycloak_realm.app_realm",
            "keycloak_saml_client.backend_saml"
          ]
        }
      ]
    },
    {
      "mode": "managed",
      "type": "keycloak_saml_user_attribute_protocol_mapper",
      "name": "email_mapper",
      "provider": "provider[\"registry.terraform.io/keycloak/keycloak\"]",
      "instances": [
        {
          "schema_version": 0,
          "attributes": {
            "client_id": "71b0cdac-fcb0-425a-8b39-c3def951ac58",
            "client_scope_id": null,
            "friendly_name": "",
            "id": "fff45749-130e-4190-a3a1-c2ca5ee2f3a3",
            "name": "email",
            "realm_id": "k8s-demo",
            "saml_attribute_name": "email",
            "saml_attribute_name_format": "Basic",
            "user_attribute": "email"
          },
          "sensitive_attributes": [],
          "private": "bnVsbA==",
          "dependencies": [
            "keycloak_realm.app_realm",
            "keycloak_saml_client.backend_saml"
          ]
        }
      ]
    },
    {
      "mode": "managed",
      "type": "keycloak_saml_user_attribute_protocol_mapper",
      "name": "username_mapper",
      "provider": "provider[\"registry.terraform.io/keycloak/keycloak\"]",
      "instances": [
        {
          "schema_version": 0,
          "attributes": {
            "client_id": "71b0cdac-fcb0-425a-8b39-c3def951ac58",
            "client_scope_id": null,
            "friendly_name": "",
            "id": "1161fdc8-70b9-4a39-9e75-ec88ac6f2092",
            "name": "username",
            "realm_id": "k8s-demo",
            "saml_attribute_name": "username",
            "saml_attribute_name_format": "Basic",
            "user_attribute": "username"
          },
          "sensitive_attributes": [],
          "private": "bnVsbA==",
          "dependencies": [
            "keycloak_realm.app_realm",
            "keycloak_saml_client.backend_saml"
          ]
        }
      ]
    },
    {
      "mode": "managed",
      "type": "keycloak_saml_user_property_protocol_mapper",
      "name": "group_mapper",
      "provider": "provider[\"registry.terraform.io/keycloak/keycloak\"]",
      "instances": [
        {
          "schema_version": 0,
          "attributes": {
            "client_id": "71b0cdac-fcb0-425a-8b39-c3def951ac58",
            "client_scope_id": null,
            "friendly_name": "",
            "id": "4b93213d-27d9-494b-9c62-8895c7f7b304",
            "name": "groups",
            "realm_id": "k8s-demo",
            "saml_attribute_name": "groups",
            "saml_attribute_name_format": "Basic",
            "user_property": "groups"
          },
          "sensitive_attributes": [],
          "private": "bnVsbA==",
          "dependencies": [
            "keycloak_realm.app_realm",
            "keycloak_saml_client.backend_saml"
          ]
        }
      ]
    },
    {
      "mode": "managed",
      "type": "keycloak_user",
      "name": "test_user",
      "provider": "provider[\"registry.terraform.io/keycloak/keycloak\"]",
      "instances": [
        {
          "schema_version": 0,
          "attributes": {
            "attributes": null,
            "email": "testuser@example.com",
            "email_verified": false,
            "enabled": true,
            "federated_identity": [],
            "first_name": "Test",
            "id": "0c50c662-5fe7-4def-b2cf-59ec55016ee9",
            "initial_password": [
              {
                "temporary": false,
                "value": "testpassword"
              }
            ],
            "last_name": "User",
            "realm_id": "k8s-demo",
            "required_actions": null,
            "username": "testuser"
          },
          "sensitive_attributes": [
            [
              {
                "type": "get_attr",
                "value": "initial_password"
              },
              {
                "type": "index",
                "value": {
                  "value": 0,
                  "type": "number"
                }
              },
              {
                "type": "get_attr",
                "value": "value"
              }
            ]
          ],
          "private": "bnVsbA==",
          "dependencies": [
            "keycloak_realm.app_realm"
          ]
        }
      ]
    }
  ],
  "check_results": null
}
